
Microsoft Visual Studio Solution File, Format Version 12.00
# Visual Studio Version 17
VisualStudioVersion = 17.9.34701.34
MinimumVisualStudioVersion = 10.0.40219.1
Project("{9A19103F-16F7-4668-BE54-9A1E7A4F7556}") = "API.WorkTimeRecord", "API.WorkTimeRecord\API.WorkTimeRecord.csproj", "{1A9A4258-D997-4DFA-A68E-1377018BD76C}"
EndProject
Project("{9A19103F-16F7-4668-BE54-9A1E7A4F7556}") = "API.Auditory", "API.Auditory\API.Auditory.csproj", "{0DFDD9EB-F10B-412A-A86A-8229D8D37FAF}"
	ProjectSection(ProjectDependencies) = postProject
		{31B59163-55CC-49EA-AE34-8E5BD2AC56E0} = {31B59163-55CC-49EA-AE34-8E5BD2AC56E0}
	EndProjectSection
EndProject
Project("{E53339B2-1760-4266-BCC7-CA923CBCF16C}") = "docker-compose", "docker-compose.dcproj", "{72AFC326-68F8-454F-A989-8C0A7390AF1F}"
EndProject
Project("{FAE04EC0-301F-11D3-BF4B-00C04F79EFBC}") = "ms.communications", "ms.communications\ms.communications.csproj", "{31B59163-55CC-49EA-AE34-8E5BD2AC56E0}"
EndProject
Global
	GlobalSection(SolutionConfigurationPlatforms) = preSolution
		Debug|Any CPU = Debug|Any CPU
		Release|Any CPU = Release|Any CPU
	EndGlobalSection
	GlobalSection(ProjectConfigurationPlatforms) = postSolution
		{1A9A4258-D997-4DFA-A68E-1377018BD76C}.Debug|Any CPU.ActiveCfg = Debug|Any CPU
		{1A9A4258-D997-4DFA-A68E-1377018BD76C}.Debug|Any CPU.Build.0 = Debug|Any CPU
		{1A9A4258-D997-4DFA-A68E-1377018BD76C}.Release|Any CPU.ActiveCfg = Release|Any CPU
		{1A9A4258-D997-4DFA-A68E-1377018BD76C}.Release|Any CPU.Build.0 = Release|Any CPU
		{0DFDD9EB-F10B-412A-A86A-8229D8D37FAF}.Debug|Any CPU.ActiveCfg = Debug|Any CPU
		{0DFDD9EB-F10B-412A-A86A-8229D8D37FAF}.Debug|Any CPU.Build.0 = Debug|Any CPU
		{0DFDD9EB-F10B-412A-A86A-8229D8D37FAF}.Release|Any CPU.ActiveCfg = Release|Any CPU
		{0DFDD9EB-F10B-412A-A86A-8229D8D37FAF}.Release|Any CPU.Build.0 = Release|Any CPU
		{72AFC326-68F8-454F-A989-8C0A7390AF1F}.Debug|Any CPU.ActiveCfg = Debug|Any CPU
		{72AFC326-68F8-454F-A989-8C0A7390AF1F}.Debug|Any CPU.Build.0 = Debug|Any CPU
		{72AFC326-68F8-454F-A989-8C0A7390AF1F}.Release|Any CPU.ActiveCfg = Release|Any CPU
		{72AFC326-68F8-454F-A989-8C0A7390AF1F}.Release|Any CPU.Build.0 = Release|Any CPU
		{31B59163-55CC-49EA-AE34-8E5BD2AC56E0}.Debug|Any CPU.ActiveCfg = Debug|Any CPU
		{31B59163-55CC-49EA-AE34-8E5BD2AC56E0}.Debug|Any CPU.Build.0 = Debug|Any CPU
		{31B59163-55CC-49EA-AE34-8E5BD2AC56E0}.Release|Any CPU.ActiveCfg = Release|Any CPU
		{31B59163-55CC-49EA-AE34-8E5BD2AC56E0}.Release|Any CPU.Build.0 = Release|Any CPU
	EndGlobalSection
	GlobalSection(SolutionProperties) = preSolution
		HideSolutionNode = FALSE
	EndGlobalSection
	GlobalSection(ExtensibilityGlobals) = postSolution
		SolutionGuid = {9D0F998F-17D0-481A-BDE6-8B0E1B9BC75D}
	EndGlobalSection
EndGlobal
